# ==========================================================================================
# Generative inbetweening: ToonCrafter, ToonComposer, AnimeInterp, AnimeInbet.
#
# Hand-curated EXACT pins for direct dependencies. This is not a pip-compile --generate-hashes
# lock: transitive versions are resolved by pip at install time. See README.md.
#
# Install into an isolated venv, never the system Python:
#   python -m venv .venv-inbetween && .venv-inbetween/bin/pip install -r requirements-inbetween.lock
# ==========================================================================================
numpy==1.26.4
torch==2.5.1
torchvision==0.20.1
diffusers==0.31.0
transformers==4.46.3
safetensors==0.4.5
accelerate==1.1.1
einops==0.8.0
# All four upstreams are research repositories without PyPI releases. Pin by commit only.
# tooncrafter @ git+https://github.com/Doubiiu/ToonCrafter.git@<PIN_COMMIT_SHA_BEFORE_USE>
# tooncomposer @ git+https://github.com/TencentARC/ToonComposer.git@<PIN_COMMIT_SHA_BEFORE_USE>
